Microsoft Visual Studio Solution File, Format Version 12.00
# Visual Studio Version 17
VisualStudioVersion = 17.5.2.0
MinimumVisualStudioVersion = 10.0.40219.1
Project("{FAE04EC0-301F-11D3-BF4B-00C04F79EFBC}") = "OnlineProductManagementSystem", "OnlineProductManagementSystem\OnlineProductManagementSystem.csproj", "{D99B78AD-DBD0-462B-B1EB-2AB1D62E0C67}"
EndProject
Global
	GlobalSection(SolutionConfigurationPlatforms) = preSolution
		Debug|Any CPU = Debug|Any CPU
		Release|Any CPU = Release|Any CPU
	EndGlobalSection
	GlobalSection(ProjectConfigurationPlatforms) = postSolution
		{D99B78AD-DBD0-462B-B1EB-2AB1D62E0C67}.Debug|Any CPU.ActiveCfg = Debug|Any CPU
		{D99B78AD-DBD0-462B-B1EB-2AB1D62E0C67}.Debug|Any CPU.Build.0 = Debug|Any CPU
		{D99B78AD-DBD0-462B-B1EB-2AB1D62E0C67}.Release|Any CPU.ActiveCfg = Release|Any CPU
		{D99B78AD-DBD0-462B-B1EB-2AB1D62E0C67}.Release|Any CPU.Build.0 = Release|Any CPU
	EndGlobalSection
	GlobalSection(SolutionProperties) = preSolution
		HideSolutionNode = FALSE
	EndGlobalSection
	GlobalSection(ExtensibilityGlobals) = postSolution
		SolutionGuid = {AACCBA2E-FE70-4F50-87A7-C0425DF7F205}
	EndGlobalSection
EndGlobal
